<Solution>
  <Folder Name="/src/">
    <File Path="../src/Directory.Build.props" />
    <Project Path="../src/Cirreum.Introspection/Cirreum.Introspection.csproj" />
  </Folder>
  <Folder Name="/tests/">
    <File Path="Directory.Build.props" />
    <Project Path="Cirreum.Introspection.Tests/Cirreum.Introspection.Tests.csproj" />
  </Folder>
</Solution>
